
Microsoft Visual Studio Solution File, Format Version 12.00
# Visual Studio Version 17
VisualStudioVersion = 17.5.33502.453
MinimumVisualStudioVersion = 10.0.40219.1
Project("{FAE04EC0-301F-11D3-BF4B-00C04F79EFBC}") = "Beadandó", "Beadandó\Beadandó.csproj", "{26E18BA0-BC37-4CD6-8DB0-C99FB27CF3BE}"
EndProject
Global
	GlobalSection(SolutionConfigurationPlatforms) = preSolution
		Debug|Any CPU = Debug|Any CPU
		Release|Any CPU = Release|Any CPU
	EndGlobalSection
	GlobalSection(ProjectConfigurationPlatforms) = postSolution
		{26E18BA0-BC37-4CD6-8DB0-C99FB27CF3BE}.Debug|Any CPU.ActiveCfg = Debug|Any CPU
		{26E18BA0-BC37-4CD6-8DB0-C99FB27CF3BE}.Debug|Any CPU.Build.0 = Debug|Any CPU
		{26E18BA0-BC37-4CD6-8DB0-C99FB27CF3BE}.Release|Any CPU.ActiveCfg = Release|Any CPU
		{26E18BA0-BC37-4CD6-8DB0-C99FB27CF3BE}.Release|Any CPU.Build.0 = Release|Any CPU
	EndGlobalSection
	GlobalSection(SolutionProperties) = preSolution
		HideSolutionNode = FALSE
	EndGlobalSection
	GlobalSection(ExtensibilityGlobals) = postSolution
		SolutionGuid = {C747031B-46E7-4C6E-9F01-3EA1BFFF8F4C}
	EndGlobalSection
EndGlobal
